
Microsoft Visual Studio Solution File, Format Version 12.00
# Visual Studio Version 17
VisualStudioVersion = 17.0.31903.59
MinimumVisualStudioVersion = 10.0.40219.1
Project("{FAE04EC0-301F-11D3-BF4B-00C04F79EFBC}") = "FNews.Web", "FNews.Web\FNews.Web.csproj", "{EB29F357-A904-448E-AF6E-68D0520F2F50}"
EndProject
Project("{FAE04EC0-301F-11D3-BF4B-00C04F79EFBC}") = "FNews.Data", "FNews.Data\FNews.Data.csproj", "{05D70F30-50E9-424D-80A9-A8993C40C025}"
EndProject
Global
	GlobalSection(SolutionConfigurationPlatforms) = preSolution
		Debug|Any CPU = Debug|Any CPU
		Release|Any CPU = Release|Any CPU
	EndGlobalSection
	GlobalSection(ProjectConfigurationPlatforms) = postSolution
		{EB29F357-A904-448E-AF6E-68D0520F2F50}.Debug|Any CPU.ActiveCfg = Debug|Any CPU
		{EB29F357-A904-448E-AF6E-68D0520F2F50}.Debug|Any CPU.Build.0 = Debug|Any CPU
		{EB29F357-A904-448E-AF6E-68D0520F2F50}.Release|Any CPU.ActiveCfg = Release|Any CPU
		{EB29F357-A904-448E-AF6E-68D0520F2F50}.Release|Any CPU.Build.0 = Release|Any CPU
		{05D70F30-50E9-424D-80A9-A8993C40C025}.Debug|Any CPU.ActiveCfg = Debug|Any CPU
		{05D70F30-50E9-424D-80A9-A8993C40C025}.Debug|Any CPU.Build.0 = Debug|Any CPU
		{05D70F30-50E9-424D-80A9-A8993C40C025}.Release|Any CPU.ActiveCfg = Release|Any CPU
		{05D70F30-50E9-424D-80A9-A8993C40C025}.Release|Any CPU.Build.0 = Release|Any CPU
	EndGlobalSection
	GlobalSection(SolutionProperties) = preSolution
		HideSolutionNode = FALSE
	EndGlobalSection
	GlobalSection(ExtensibilityGlobals) = postSolution
		SolutionGuid = {899B210D-02D2-4650-A8F2-D7D4C710866C}
	EndGlobalSection
EndGlobal
